---
metadata:
  version: "1.0"
artifacts:
  - download_url: "https://github.com/prometheus/pushgateway/releases/download/v1.6.0/pushgateway-1.6.0.linux-amd64.tar.gz"
    checksum: "sha256:6247e16f6c30f5fc3603a1efbc7c2069e965938bc5381897b1317f7119f28ac4"
    filename: "pushgateway-1.6.0.linux-amd64.tar.gz"
  - download_url: "https://github.com/prometheus/pushgateway/releases/download/v1.6.0/pushgateway-1.6.0.linux-arm64.tar.gz"
    checksum: "sha256:e6f0a37718539bd42283da339de758503364ed0b85331181339e857b09834f42"
    filename: "pushgateway-1.6.0.linux-arm64.tar.gz"
  - download_url: "https://github.com/prometheus/pushgateway/releases/download/v1.6.0/pushgateway-1.6.0.linux-ppc64le.tar.gz"
    checksum: "sha256:99114959bed41cf25ee97dc9fee776cf65dc82f3fe49239f18b5a89f8e5bbb62"
    filename: "pushgateway-1.6.0.linux-ppc64le.tar.gz"
  - download_url: "https://github.com/prometheus/pushgateway/releases/download/v1.6.0/pushgateway-1.6.0.linux-s390x.tar.gz"
    checksum: "sha256:d88bdfd3f949186b5833228fd720c946cf46e825e54e8dad70c4c18245f680fb"
    filename: "pushgateway-1.6.0.linux-s390x.tar.gz"
    # special binaries for ppc64le
  - download_url: "https://github.com/IBM/oss-ecosystem-gevent/releases/download/24.11.1/manylinux_ppc64le_wheels_24.11.1.tar.gz"
    checksum: "sha256:fa3848a63c4f5dcf412e658edb955a0b4def5dbe6c53ca1989d668e72676060b"
    filename: "manylinux_ppc64le_wheels_24.11.1.tar.gz"
  - download_url: "https://github.com/IBM/oss-ecosystem-grpc/releases/download/1.67.0/grpcio-1.67.0-cp39-cp39-linux_ppc64le.whl"
    checksum: "sha256:102227d1b3c143decb4a54f4cda66e57a2fd55595bea8752ac8e18cb56c7356f"
    filename: "grpcio-1.67.0-cp39-cp39-linux_ppc64le.whl"
